
Microsoft Visual Studio Solution File, Format Version 12.00
# Visual Studio Version 17
VisualStudioVersion = 17.14.36623.8 d17.14
MinimumVisualStudioVersion = 10.0.40219.1
Project("{FAE04EC0-301F-11D3-BF4B-00C04F79EFBC}") = "LINQPartitionOperators", "LINQPartitionOperators\LINQPartitionOperators.csproj", "{6F0679AC-C046-4DFE-AC7E-90402807C1F1}"
EndProject
Global
	GlobalSection(SolutionConfigurationPlatforms) = preSolution
		Debug|Any CPU = Debug|Any CPU
		Release|Any CPU = Release|Any CPU
	EndGlobalSection
	GlobalSection(ProjectConfigurationPlatforms) = postSolution
		{6F0679AC-C046-4DFE-AC7E-90402807C1F1}.Debug|Any CPU.ActiveCfg = Debug|Any CPU
		{6F0679AC-C046-4DFE-AC7E-90402807C1F1}.Debug|Any CPU.Build.0 = Debug|Any CPU
		{6F0679AC-C046-4DFE-AC7E-90402807C1F1}.Release|Any CPU.ActiveCfg = Release|Any CPU
		{6F0679AC-C046-4DFE-AC7E-90402807C1F1}.Release|Any CPU.Build.0 = Release|Any CPU
	EndGlobalSection
	GlobalSection(SolutionProperties) = preSolution
		HideSolutionNode = FALSE
	EndGlobalSection
	GlobalSection(ExtensibilityGlobals) = postSolution
		SolutionGuid = {BF275B32-C89B-4296-8567-5F178759C00D}
	EndGlobalSection
EndGlobal
